PODS:
  - BSDropper (0.1.0)
  - BSFloatListView (0.1.2)

DEPENDENCIES:
  - BSDropper
  - BSFloatListView (from `../`)

SPEC REPOS:
  https://github.com/CocoaPods/Specs.git:
    - BSDropper

EXTERNAL SOURCES:
  BSFloatListView:
    :path: "../"

SPEC CHECKSUMS:
  BSDropper: b2026c79f0fc278d8711be2fb54bdf29adab46c8
  BSFloatListView: 4f360806256a08664195b8c140b082a950b1250c

PODFILE CHECKSUM: 2491362cc8e4db7684353dc9f55291d343460baa

COCOAPODS: 1.8.4
